
Microsoft Visual Studio Solution File, Format Version 12.00
# Visual Studio Version 17
VisualStudioVersion = 17.0.31919.166
MinimumVisualStudioVersion = 10.0.40219.1
Project("{FAE04EC0-301F-11D3-BF4B-00C04F79EFBC}") = "Lista_produktow_tutorial", "Lista_produktow_tutorial\Lista_produktow_tutorial.csproj", "{8BCDC458-6DF2-4550-9525-C029F0A0BD88}"
EndProject
Global
	GlobalSection(SolutionConfigurationPlatforms) = preSolution
		Debug|Any CPU = Debug|Any CPU
		Release|Any CPU = Release|Any CPU
	EndGlobalSection
	GlobalSection(ProjectConfigurationPlatforms) = postSolution
		{8BCDC458-6DF2-4550-9525-C029F0A0BD88}.Debug|Any CPU.ActiveCfg = Debug|Any CPU
		{8BCDC458-6DF2-4550-9525-C029F0A0BD88}.Debug|Any CPU.Build.0 = Debug|Any CPU
		{8BCDC458-6DF2-4550-9525-C029F0A0BD88}.Release|Any CPU.ActiveCfg = Release|Any CPU
		{8BCDC458-6DF2-4550-9525-C029F0A0BD88}.Release|Any CPU.Build.0 = Release|Any CPU
	EndGlobalSection
	GlobalSection(SolutionProperties) = preSolution
		HideSolutionNode = FALSE
	EndGlobalSection
	GlobalSection(ExtensibilityGlobals) = postSolution
		SolutionGuid = {D611D94C-A2F2-489D-B1E3-04F67C40166F}
	EndGlobalSection
EndGlobal
